
Microsoft Visual Studio Solution File, Format Version 11.00
# Visual Studio 2010
Project("{FAE04EC0-301F-11D3-BF4B-00C04F79EFBC}") = "madlimps", "Assembly-CSharp.csproj", "{2D2B83BD-B175-C139-0D6E-C32BA3F14EEC}"
EndProject
Global
	GlobalSection(SolutionConfigurationPlatforms) = preSolution
		Debug|Any CPU = Debug|Any CPU
		Release|Any CPU = Release|Any CPU
	EndGlobalSection
	GlobalSection(ProjectConfigurationPlatforms) = postSolution
		{2D2B83BD-B175-C139-0D6E-C32BA3F14EEC}.Debug|Any CPU.ActiveCfg = Debug|Any CPU
		{2D2B83BD-B175-C139-0D6E-C32BA3F14EEC}.Debug|Any CPU.Build.0 = Debug|Any CPU
		{2D2B83BD-B175-C139-0D6E-C32BA3F14EEC}.Release|Any CPU.ActiveCfg = Release|Any CPU
		{2D2B83BD-B175-C139-0D6E-C32BA3F14EEC}.Release|Any CPU.Build.0 = Release|Any CPU
	EndGlobalSection
	GlobalSection(SolutionProperties) = preSolution
		HideSolutionNode = FALSE
	EndGlobalSection
	GlobalSection(MonoDevelopProperties) = preSolution
		StartupItem = Assembly-CSharp.csproj
	EndGlobalSection
EndGlobal
